
Microsoft Visual Studio Solution File, Format Version 12.00
Project("{FAE04EC0-301F-11D3-BF4B-00C04F79EFBC}") = "WordCountAPI", "WordCountAPI\WordCountAPI.csproj", "{951AE1F4-7423-4E44-A976-AE1A22127CE1}"
EndProject
Project("{FAE04EC0-301F-11D3-BF4B-00C04F79EFBC}") = "AuthAPI", "AuthAPI\AuthAPI.csproj", "{9AA9887D-BD26-481F-97EB-17CF6FB13DC6}"
EndProject
Project("{FAE04EC0-301F-11D3-BF4B-00C04F79EFBC}") = "Shared", "Shared\Shared.csproj", "{71EDB8F9-CA5E-4CED-9516-C9E94EBD1DD3}"
EndProject
Project("{FAE04EC0-301F-11D3-BF4B-00C04F79EFBC}") = "IntegrationTests", "IntegrationTests\IntegrationTests.csproj", "{334DFB42-3F1C-42E0-839C-A5EE14F78E57}"
EndProject
Global
	GlobalSection(SolutionConfigurationPlatforms) = preSolution
		Debug|Any CPU = Debug|Any CPU
		Release|Any CPU = Release|Any CPU
	EndGlobalSection
	GlobalSection(ProjectConfigurationPlatforms) = postSolution
		{951AE1F4-7423-4E44-A976-AE1A22127CE1}.Debug|Any CPU.ActiveCfg = Debug|Any CPU
		{951AE1F4-7423-4E44-A976-AE1A22127CE1}.Debug|Any CPU.Build.0 = Debug|Any CPU
		{951AE1F4-7423-4E44-A976-AE1A22127CE1}.Release|Any CPU.ActiveCfg = Release|Any CPU
		{951AE1F4-7423-4E44-A976-AE1A22127CE1}.Release|Any CPU.Build.0 = Release|Any CPU
		{9AA9887D-BD26-481F-97EB-17CF6FB13DC6}.Debug|Any CPU.ActiveCfg = Debug|Any CPU
		{9AA9887D-BD26-481F-97EB-17CF6FB13DC6}.Debug|Any CPU.Build.0 = Debug|Any CPU
		{9AA9887D-BD26-481F-97EB-17CF6FB13DC6}.Release|Any CPU.ActiveCfg = Release|Any CPU
		{9AA9887D-BD26-481F-97EB-17CF6FB13DC6}.Release|Any CPU.Build.0 = Release|Any CPU
		{71EDB8F9-CA5E-4CED-9516-C9E94EBD1DD3}.Debug|Any CPU.ActiveCfg = Debug|Any CPU
		{71EDB8F9-CA5E-4CED-9516-C9E94EBD1DD3}.Debug|Any CPU.Build.0 = Debug|Any CPU
		{71EDB8F9-CA5E-4CED-9516-C9E94EBD1DD3}.Release|Any CPU.ActiveCfg = Release|Any CPU
		{71EDB8F9-CA5E-4CED-9516-C9E94EBD1DD3}.Release|Any CPU.Build.0 = Release|Any CPU
		{334DFB42-3F1C-42E0-839C-A5EE14F78E57}.Debug|Any CPU.ActiveCfg = Debug|Any CPU
		{334DFB42-3F1C-42E0-839C-A5EE14F78E57}.Debug|Any CPU.Build.0 = Debug|Any CPU
		{334DFB42-3F1C-42E0-839C-A5EE14F78E57}.Release|Any CPU.ActiveCfg = Release|Any CPU
		{334DFB42-3F1C-42E0-839C-A5EE14F78E57}.Release|Any CPU.Build.0 = Release|Any CPU
	EndGlobalSection
EndGlobal
